
Microsoft Visual Studio Solution File, Format Version 12.00
# Visual Studio Version 17
VisualStudioVersion = 17.5.33312.197
MinimumVisualStudioVersion = 10.0.40219.1
Project("{FAE04EC0-301F-11D3-BF4B-00C04F79EFBC}") = "DGJv3", "DGJv3\DGJv3.csproj", "{53970AEC-FD0E-46ED-8269-3FD73DC3DD0F}"
EndProject
Project("{FAE04EC0-301F-11D3-BF4B-00C04F79EFBC}") = "ExtendNetease_DGJModule", "ExtendNetease\ExtendNetease_DGJModule.csproj", "{DC76C430-E886-4FD1-9D3B-9E4B12179E11}"
EndProject
Global
	GlobalSection(SolutionConfigurationPlatforms) = preSolution
		Debug|Any CPU = Debug|Any CPU
		Debug|x64 = Debug|x64
		Release|Any CPU = Release|Any CPU
		Release|x64 = Release|x64
	EndGlobalSection
	GlobalSection(ProjectConfigurationPlatforms) = postSolution
		{53970AEC-FD0E-46ED-8269-3FD73DC3DD0F}.Debug|Any CPU.ActiveCfg = Debug|Any CPU
		{53970AEC-FD0E-46ED-8269-3FD73DC3DD0F}.Debug|Any CPU.Build.0 = Debug|Any CPU
		{53970AEC-FD0E-46ED-8269-3FD73DC3DD0F}.Debug|x64.ActiveCfg = Debug|Any CPU
		{53970AEC-FD0E-46ED-8269-3FD73DC3DD0F}.Debug|x64.Build.0 = Debug|Any CPU
		{53970AEC-FD0E-46ED-8269-3FD73DC3DD0F}.Release|Any CPU.ActiveCfg = Release|Any CPU
		{53970AEC-FD0E-46ED-8269-3FD73DC3DD0F}.Release|Any CPU.Build.0 = Release|Any CPU
		{53970AEC-FD0E-46ED-8269-3FD73DC3DD0F}.Release|x64.ActiveCfg = Release|Any CPU
		{53970AEC-FD0E-46ED-8269-3FD73DC3DD0F}.Release|x64.Build.0 = Release|Any CPU
		{DC76C430-E886-4FD1-9D3B-9E4B12179E11}.Debug|Any CPU.ActiveCfg = Debug|Any CPU
		{DC76C430-E886-4FD1-9D3B-9E4B12179E11}.Debug|Any CPU.Build.0 = Debug|Any CPU
		{DC76C430-E886-4FD1-9D3B-9E4B12179E11}.Debug|x64.ActiveCfg = Debug|x64
		{DC76C430-E886-4FD1-9D3B-9E4B12179E11}.Debug|x64.Build.0 = Debug|x64
		{DC76C430-E886-4FD1-9D3B-9E4B12179E11}.Release|Any CPU.ActiveCfg = Release|Any CPU
		{DC76C430-E886-4FD1-9D3B-9E4B12179E11}.Release|Any CPU.Build.0 = Release|Any CPU
		{DC76C430-E886-4FD1-9D3B-9E4B12179E11}.Release|x64.ActiveCfg = Release|x64
		{DC76C430-E886-4FD1-9D3B-9E4B12179E11}.Release|x64.Build.0 = Release|x64
	EndGlobalSection
	GlobalSection(SolutionProperties) = preSolution
		HideSolutionNode = FALSE
	EndGlobalSection
	GlobalSection(ExtensibilityGlobals) = postSolution
		SolutionGuid = {0426D19B-D35A-40EB-AF6F-0999FFEED9FC}
	EndGlobalSection
EndGlobal
